# THIS IS AN AUTOGENERATED FILE. DO NOT EDIT THIS FILE DIRECTLY.
# yarn lockfile v1


"@mapbox/geojson-rewind@^0.5.0":
  version "0.5.1"
  resolved "https://registry.yarnpkg.com/@mapbox/geojson-rewind/-/geojson-rewind-0.5.1.tgz#adbe16dc683eb40e90934c51a5e28c7bbf44f4e1"
  integrity sha512-eL7fMmfTBKjrb+VFHXCGv9Ot0zc3C0U+CwXo1IrP+EPwDczLoXv34Tgq3y+2mPSFNVUXgU42ILWJTC7145KPTA==
  dependencies:
    get-stream "^6.0.1"
    minimist "^1.2.5"

"@mapbox/geojson-types@^1.0.2":
  version "1.0.2"
  resolved "https://registry.yarnpkg.com/@mapbox/geojson-types/-/geojson-types-1.0.2.tgz#9aecf642cb00eab1080a57c4f949a65b4a5846d6"
  integrity sha512-e9EBqHHv3EORHrSfbR9DqecPNn+AmuAoQxV6aL8Xu30bJMJR1o8PZLZzpk1Wq7/NfCbuhmakHTPYRhoqLsXRnw==

"@mapbox/jsonlint-lines-primitives@^2.0.2":
  version "2.0.2"
  resolved "https://registry.yarnpkg.com/@mapbox/jsonlint-lines-primitives/-/jsonlint-lines-primitives-2.0.2.tgz#ce56e539f83552b58d10d672ea4d6fc9adc7b234"
  integrity sha1-zlblOfg1UrWNENZy6k1vya3HsjQ=

"@mapbox/mapbox-gl-supported@^2.0.0":
  version "2.0.0"
  resolved "https://registry.yarnpkg.com/@mapbox/mapbox-gl-supported/-/mapbox-gl-supported-2.0.0.tgz#bb133cd91e562c006713fbc83f21e4b6f711a388"
  integrity sha512-zu4udqYiBrKMQKwpKJ4hhPON7tz0QR/JZ3iGpHnNWFmH3Sv/ysxlICATUtGCFpsyJf2v1WpFhlzaZ3GhhKmPMA==

"@mapbox/point-geometry@0.1.0", "@mapbox/point-geometry@^0.1.0", "@mapbox/point-geometry@~0.1.0":
  version "0.1.0"
  resolved "https://registry.yarnpkg.com/@mapbox/point-geometry/-/point-geometry-0.1.0.tgz#8a83f9335c7860effa2eeeca254332aa0aeed8f2"
  integrity sha1-ioP5M1x4YO/6Lu7KJUMyqgru2PI=

"@mapbox/tiny-sdf@^1.2.5":
  version "1.2.5"
  resolved "https://registry.yarnpkg.com/@mapbox/tiny-sdf/-/tiny-sdf-1.2.5.tgz#424c620a96442b20402552be70a7f62a8407cc59"
  integrity sha512-cD8A/zJlm6fdJOk6DqPUV8mcpyJkRz2x2R+/fYcWDYG3oWbG7/L7Yl/WqQ1VZCjnL9OTIMAn6c+BC5Eru4sQEw==

"@mapbox/unitbezier@^0.0.0":
  version "0.0.0"
  resolved "https://registry.yarnpkg.com/@mapbox/unitbezier/-/unitbezier-0.0.0.tgz#15651bd553a67b8581fb398810c98ad86a34524e"
  integrity sha1-FWUb1VOme4WB+zmIEMmK2Go0Uk4=

"@mapbox/vector-tile@^1.3.1":
  version "1.3.1"
  resolved "https://registry.yarnpkg.com/@mapbox/vector-tile/-/vector-tile-1.3.1.tgz#d3a74c90402d06e89ec66de49ec817ff53409666"
  integrity sha512-MCEddb8u44/xfQ3oD+Srl/tNcQoqTw3goGk2oLsrFxOTc3dUp+kAnby3PvAeeBYSMSjSPD1nd1AJA6W49WnoUw==
  dependencies:
    "@mapbox/point-geometry" "~0.1.0"

"@mapbox/whoots-js@^3.1.0":
  version "3.1.0"
  resolved "https://registry.yarnpkg.com/@mapbox/whoots-js/-/whoots-js-3.1.0.tgz#497c67a1cef50d1a2459ba60f315e448d2ad87fe"
  integrity sha512-Es6WcD0nO5l+2BOQS4uLfNPYQaNDfbot3X1XUoloz+x0mPDS3eeORZJl06HXjwBG1fOGwCRnzK88LMdxKRrd6Q==

csscolorparser@~1.0.3:
  version "1.0.3"
  resolved "https://registry.yarnpkg.com/csscolorparser/-/csscolorparser-1.0.3.tgz#b34f391eea4da8f3e98231e2ccd8df9c041f171b"
  integrity sha1-s085HupNqPPpgjHizNjfnAQfFxs=

dom7@^3.0.0:
  version "3.0.0"
  resolved "https://registry.yarnpkg.com/dom7/-/dom7-3.0.0.tgz#b861ce5d67a6becd7aaa3ad02942ff14b1240331"
  integrity sha512-oNlcUdHsC4zb7Msx7JN3K0Nro1dzJ48knvBOnDPKJ2GV9wl1i5vydJZUSyOfrkKFDZEud/jBsTk92S/VGSAe/g==
  dependencies:
    ssr-window "^3.0.0-alpha.1"

earcut@^2.2.2:
  version "2.2.3"
  resolved "https://registry.yarnpkg.com/earcut/-/earcut-2.2.3.tgz#d44ced2ff5a18859568e327dd9c7d46b16f55cf4"
  integrity sha512-iRDI1QeCQIhMCZk48DRDMVgQSSBDmbzzNhnxIo+pwx3swkfjMh6vh0nWLq1NdvGHLKH6wIrAM3vQWeTj6qeoug==

geojson-vt@^3.2.1:
  version "3.2.1"
  resolved "https://registry.yarnpkg.com/geojson-vt/-/geojson-vt-3.2.1.tgz#f8adb614d2c1d3f6ee7c4265cad4bbf3ad60c8b7"
  integrity sha512-EvGQQi/zPrDA6zr6BnJD/YhwAkBP8nnJ9emh3EnHQKVMfg/MRVtPbMYdgVy/IaEmn4UfagD2a6fafPDL5hbtwg==

get-stream@^6.0.1:
  version "6.0.1"
  resolved "https://registry.yarnpkg.com/get-stream/-/get-stream-6.0.1.tgz#a262d8eef67aced57c2852ad6167526a43cbf7b7"
  integrity sha512-ts6Wi+2j3jQjqi70w5AlN8DFnkSwC+MqmxEzdEALB2qXZYV3X/b1CTfgPLGJNMeAWxdPfU8FO1ms3NUfaHCPYg==

gl-matrix@^3.3.0:
  version "3.3.0"
  resolved "https://registry.yarnpkg.com/gl-matrix/-/gl-matrix-3.3.0.tgz#232eef60b1c8b30a28cbbe75b2caf6c48fd6358b"
  integrity sha512-COb7LDz+SXaHtl/h4LeaFcNdJdAQSDeVqjiIihSXNrkWObZLhDI4hIkZC11Aeqp7bcE72clzB0BnDXr2SmslRA==

grid-index@^1.1.0:
  version "1.1.0"
  resolved "https://registry.yarnpkg.com/grid-index/-/grid-index-1.1.0.tgz#97f8221edec1026c8377b86446a7c71e79522ea7"
  integrity sha512-HZRwumpOGUrHyxO5bqKZL0B0GlUpwtCAzZ42sgxUPniu33R1LSFH5yrIcBCHjkctCAh3mtWKcKd9J4vDDdeVHA==

ieee754@^1.1.12:
  version "1.2.1"
  resolved "https://registry.yarnpkg.com/ieee754/-/ieee754-1.2.1.tgz#8eb7a10a63fff25d15a57b001586d177d1b0d352"
  integrity sha512-dcyqhDvX1C46lXZcVqCpK+FtMRQVdIMN6/Df5js2zouUsqG7I6sFxitIC+7KYK29KdXOLHdu9zL4sFnoVQnqaA==

kdbush@^3.0.0:
  version "3.0.0"
  resolved "https://registry.yarnpkg.com/kdbush/-/kdbush-3.0.0.tgz#f8484794d47004cc2d85ed3a79353dbe0abc2bf0"
  integrity sha512-hRkd6/XW4HTsA9vjVpY9tuXJYLSlelnkTmVFu4M9/7MIYQtFcHpbugAU7UbOfjOiVSVYl2fqgBuJ32JUmRo5Ew==

mapbox-gl@^2.4.1:
  version "2.4.1"
  resolved "https://registry.yarnpkg.com/mapbox-gl/-/mapbox-gl-2.4.1.tgz#cd17d35bd4262bc6a9e0e49fef165f8f0dbf6fef"
  integrity sha512-iTF5UPm63ojEi91A2lSpM5wDfnttuPXJmJRwD65R4n2mAYoQjjRwXvXIgcxKDnZDpdczF1jIFeS1R+H8jp1NCQ==
  dependencies:
    "@mapbox/geojson-rewind" "^0.5.0"
    "@mapbox/geojson-types" "^1.0.2"
    "@mapbox/jsonlint-lines-primitives" "^2.0.2"
    "@mapbox/mapbox-gl-supported" "^2.0.0"
    "@mapbox/point-geometry" "^0.1.0"
    "@mapbox/tiny-sdf" "^1.2.5"
    "@mapbox/unitbezier" "^0.0.0"
    "@mapbox/vector-tile" "^1.3.1"
    "@mapbox/whoots-js" "^3.1.0"
    csscolorparser "~1.0.3"
    earcut "^2.2.2"
    geojson-vt "^3.2.1"
    gl-matrix "^3.3.0"
    grid-index "^1.1.0"
    minimist "^1.2.5"
    murmurhash-js "^1.0.0"
    pbf "^3.2.1"
    potpack "^1.0.1"
    quickselect "^2.0.0"
    rw "^1.3.3"
    supercluster "^7.1.3"
    tinyqueue "^2.0.3"
    vt-pbf "^3.1.1"

minimist@^1.2.5:
  version "1.2.5"
  resolved "https://registry.yarnpkg.com/minimist/-/minimist-1.2.5.tgz#67d66014b66a6a8aaa0c083c5fd58df4e4e97602"
  integrity sha512-FM9nNUYrRBAELZQT3xeZQ7fmMOBg6nWNmJKTcgsJeaLstP/UODVpGsr5OhXhhXg6f+qtJ8uiZ+PUxkDWcgIXLw==

moment@^2.29.1:
  version "2.29.1"
  resolved "https://registry.yarnpkg.com/moment/-/moment-2.29.1.tgz#b2be769fa31940be9eeea6469c075e35006fa3d3"
  integrity sha512-kHmoybcPV8Sqy59DwNDY3Jefr64lK/by/da0ViFcuA4DH0vQg5Q6Ze5VimxkfQNSC+Mls/Kx53s7TjP1RhFEDQ==

momentjs@^2.0.0:
  version "2.0.0"
  resolved "https://registry.yarnpkg.com/momentjs/-/momentjs-2.0.0.tgz#73df904b4fa418f6e3c605e831cef6ed5518ebd4"
  integrity sha1-c9+QS0+kGPbjxgXoMc727VUY69Q=

murmurhash-js@^1.0.0:
  version "1.0.0"
  resolved "https://registry.yarnpkg.com/murmurhash-js/-/murmurhash-js-1.0.0.tgz#b06278e21fc6c37fa5313732b0412bcb6ae15f51"
  integrity sha1-sGJ44h/Gw3+lMTcysEEry2rhX1E=

pbf@^3.2.1:
  version "3.2.1"
  resolved "https://registry.yarnpkg.com/pbf/-/pbf-3.2.1.tgz#b4c1b9e72af966cd82c6531691115cc0409ffe2a"
  integrity sha512-ClrV7pNOn7rtmoQVF4TS1vyU0WhYRnP92fzbfF75jAIwpnzdJXf8iTd4CMEqO4yUenH6NDqLiwjqlh6QgZzgLQ==
  dependencies:
    ieee754 "^1.1.12"
    resolve-protobuf-schema "^2.1.0"

potpack@^1.0.1:
  version "1.0.1"
  resolved "https://registry.yarnpkg.com/potpack/-/potpack-1.0.1.tgz#d1b1afd89e4c8f7762865ec30bd112ab767e2ebf"
  integrity sha512-15vItUAbViaYrmaB/Pbw7z6qX2xENbFSTA7Ii4tgbPtasxm5v6ryKhKtL91tpWovDJzTiZqdwzhcFBCwiMVdVw==

protocol-buffers-schema@^3.3.1:
  version "3.5.2"
  resolved "https://registry.yarnpkg.com/protocol-buffers-schema/-/protocol-buffers-schema-3.5.2.tgz#38ad35ba768607a5ed2375f8db4c2ecc5ea293c8"
  integrity sha512-LPzSaBYp/TcbuSlpGwqT5jR9kvJ3Zp5ic2N5c2ybx6XB/lSfEHq2D7ja8AgoxHoMD91wXFALJoXsvshKPuXyew==

quickselect@^2.0.0:
  version "2.0.0"
  resolved "https://registry.yarnpkg.com/quickselect/-/quickselect-2.0.0.tgz#f19680a486a5eefb581303e023e98faaf25dd018"
  integrity sha512-RKJ22hX8mHe3Y6wH/N3wCM6BWtjaxIyyUIkpHOvfFnxdI4yD4tBXEBKSbriGujF6jnSVkJrffuo6vxACiSSxIw==

resolve-protobuf-schema@^2.1.0:
  version "2.1.0"
  resolved "https://registry.yarnpkg.com/resolve-protobuf-schema/-/resolve-protobuf-schema-2.1.0.tgz#9ca9a9e69cf192bbdaf1006ec1973948aa4a3758"
  integrity sha512-kI5ffTiZWmJaS/huM8wZfEMer1eRd7oJQhDuxeCLe3t7N7mX3z94CN0xPxBQxFYQTSNz9T0i+v6inKqSdK8xrQ==
  dependencies:
    protocol-buffers-schema "^3.3.1"

rw@^1.3.3:
  version "1.3.3"
  resolved "https://registry.yarnpkg.com/rw/-/rw-1.3.3.tgz#3f862dfa91ab766b14885ef4d01124bfda074fb4"
  integrity sha1-P4Yt+pGrdmsUiF700BEkv9oHT7Q=

ssr-window@^3.0.0, ssr-window@^3.0.0-alpha.1:
  version "3.0.0"
  resolved "https://registry.yarnpkg.com/ssr-window/-/ssr-window-3.0.0.tgz#fd5b82801638943e0cc704c4691801435af7ac37"
  integrity sha512-q+8UfWDg9Itrg0yWK7oe5p/XRCJpJF9OBtXfOPgSJl+u3Xd5KI328RUEvUqSMVM9CiQUEf1QdBzJMkYGErj9QA==

stimulus-carousel@^2.0.0:
  version "2.0.0"
  resolved "https://registry.yarnpkg.com/stimulus-carousel/-/stimulus-carousel-2.0.0.tgz#f00f3e7ff3fe20c3f4bcfd9f94a7145fc4615cf9"
  integrity sha512-Y0ZjZiT8gvbgzzUqaap4wXysxBfrEJrg7g4By4UCeMJJ6VID5Aa0YVDWgfS6EjtlaftwHHm41Z/W7pYOYZh/dQ==
  dependencies:
    swiper "^6.3.5"

supercluster@^7.1.3:
  version "7.1.3"
  resolved "https://registry.yarnpkg.com/supercluster/-/supercluster-7.1.3.tgz#8c5412c7d7e53b010f7514e87f279544babc3425"
  integrity sha512-7+bR4FbF5SYsmkHfDp61QiwCKtwNDyPsddk9TzfsDA5DQr5Goii5CVD2SXjglweFCxjrzVZf945ahqYfUIk8UA==
  dependencies:
    kdbush "^3.0.0"

swiper@^6.3.5:
  version "6.8.2"
  resolved "https://registry.yarnpkg.com/swiper/-/swiper-6.8.2.tgz#1fe3e9b5ef5514d8d7ab2418c8a5ce75abafebec"
  integrity sha512-VwBZ40NQ8vDzIZO9wApJTf4bDu/o3sgURMQ6fvJVSc9T63NoJV0KLC/mjkrl9GepGbmlCQNLR2tL0Kk/r8NSdw==
  dependencies:
    dom7 "^3.0.0"
    ssr-window "^3.0.0"

tinyqueue@^2.0.3:
  version "2.0.3"
  resolved "https://registry.yarnpkg.com/tinyqueue/-/tinyqueue-2.0.3.tgz#64d8492ebf39e7801d7bd34062e29b45b2035f08"
  integrity sha512-ppJZNDuKGgxzkHihX8v9v9G5f+18gzaTfrukGrq6ueg0lmH4nqVnA2IPG0AEH3jKEk2GRJCUhDoqpoiw3PHLBA==

vt-pbf@^3.1.1:
  version "3.1.3"
  resolved "https://registry.yarnpkg.com/vt-pbf/-/vt-pbf-3.1.3.tgz#68fd150756465e2edae1cc5c048e063916dcfaac"
  integrity sha512-2LzDFzt0mZKZ9IpVF2r69G9bXaP2Q2sArJCmcCgvfTdCCZzSyz4aCLoQyUilu37Ll56tCblIZrXFIjNUpGIlmA==
  dependencies:
    "@mapbox/point-geometry" "0.1.0"
    "@mapbox/vector-tile" "^1.3.1"
    pbf "^3.2.1"
